
Microsoft Visual Studio Solution File, Format Version 12.00
# Visual Studio Version 17
VisualStudioVersion = 17.7.34202.233
MinimumVisualStudioVersion = 10.0.40219.1
Project("{FAE04EC0-301F-11D3-BF4B-00C04F79EFBC}") = "ConsoleApp8", "ConsoleApp8\ConsoleApp8.csproj", "{DA4A7773-CAA9-4B1D-B8FD-279000C2EC4F}"
EndProject
Global
	GlobalSection(SolutionConfigurationPlatforms) = preSolution
		Debug|Any CPU = Debug|Any CPU
		Release|Any CPU = Release|Any CPU
	EndGlobalSection
	GlobalSection(ProjectConfigurationPlatforms) = postSolution
		{DA4A7773-CAA9-4B1D-B8FD-279000C2EC4F}.Debug|Any CPU.ActiveCfg = Debug|Any CPU
		{DA4A7773-CAA9-4B1D-B8FD-279000C2EC4F}.Debug|Any CPU.Build.0 = Debug|Any CPU
		{DA4A7773-CAA9-4B1D-B8FD-279000C2EC4F}.Release|Any CPU.ActiveCfg = Release|Any CPU
		{DA4A7773-CAA9-4B1D-B8FD-279000C2EC4F}.Release|Any CPU.Build.0 = Release|Any CPU
	EndGlobalSection
	GlobalSection(SolutionProperties) = preSolution
		HideSolutionNode = FALSE
	EndGlobalSection
	GlobalSection(ExtensibilityGlobals) = postSolution
		SolutionGuid = {478C2690-87A9-4663-BE03-E92A423DE5C8}
	EndGlobalSection
EndGlobal
