
Microsoft Visual Studio Solution File, Format Version 12.00
# Visual Studio Version 17
VisualStudioVersion = 17.7.34202.233
MinimumVisualStudioVersion = 10.0.40219.1
Project("{FAE04EC0-301F-11D3-BF4B-00C04F79EFBC}") = "LAB.5", "LAB.5\LAB.5.csproj", "{EAB44E1C-DCE3-4433-A476-2D579E87B633}"
EndProject
Global
	GlobalSection(SolutionConfigurationPlatforms) = preSolution
		Debug|Any CPU = Debug|Any CPU
		Release|Any CPU = Release|Any CPU
	EndGlobalSection
	GlobalSection(ProjectConfigurationPlatforms) = postSolution
		{EAB44E1C-DCE3-4433-A476-2D579E87B633}.Debug|Any CPU.ActiveCfg = Debug|Any CPU
		{EAB44E1C-DCE3-4433-A476-2D579E87B633}.Debug|Any CPU.Build.0 = Debug|Any CPU
		{EAB44E1C-DCE3-4433-A476-2D579E87B633}.Release|Any CPU.ActiveCfg = Release|Any CPU
		{EAB44E1C-DCE3-4433-A476-2D579E87B633}.Release|Any CPU.Build.0 = Release|Any CPU
	EndGlobalSection
	GlobalSection(SolutionProperties) = preSolution
		HideSolutionNode = FALSE
	EndGlobalSection
	GlobalSection(ExtensibilityGlobals) = postSolution
		SolutionGuid = {9823CCEE-570F-4E27-A356-FDD55B5A5B48}
	EndGlobalSection
EndGlobal
