
Microsoft Visual Studio Solution File, Format Version 12.00
# Visual Studio Version 17
VisualStudioVersion = 17.7.34202.233
MinimumVisualStudioVersion = 10.0.40219.1
Project("{FAE04EC0-301F-11D3-BF4B-00C04F79EFBC}") = "Lab2A", "Lab2A\Lab2A.csproj", "{259A6589-BE3C-4DEC-88E6-D7A77C3D0C91}"
EndProject
Global
	GlobalSection(SolutionConfigurationPlatforms) = preSolution
		Debug|Any CPU = Debug|Any CPU
		Release|Any CPU = Release|Any CPU
	EndGlobalSection
	GlobalSection(ProjectConfigurationPlatforms) = postSolution
		{259A6589-BE3C-4DEC-88E6-D7A77C3D0C91}.Debug|Any CPU.ActiveCfg = Debug|Any CPU
		{259A6589-BE3C-4DEC-88E6-D7A77C3D0C91}.Debug|Any CPU.Build.0 = Debug|Any CPU
		{259A6589-BE3C-4DEC-88E6-D7A77C3D0C91}.Release|Any CPU.ActiveCfg = Release|Any CPU
		{259A6589-BE3C-4DEC-88E6-D7A77C3D0C91}.Release|Any CPU.Build.0 = Release|Any CPU
	EndGlobalSection
	GlobalSection(SolutionProperties) = preSolution
		HideSolutionNode = FALSE
	EndGlobalSection
	GlobalSection(ExtensibilityGlobals) = postSolution
		SolutionGuid = {1CA1D3ED-3ADC-441E-B494-F49257B6CC56}
	EndGlobalSection
EndGlobal
